
Microsoft Visual Studio Solution File, Format Version 12.00
# Visual Studio Version 16
VisualStudioVersion = 16.0.31005.135
MinimumVisualStudioVersion = 10.0.40219.1
Project("{FAE04EC0-301F-11D3-BF4B-00C04F79EFBC}") = "CompanyEmployee.API", "CompanyEmployee.API\CompanyEmployee.API.csproj", "{AA4AB9A8-AB33-4195-8370-9941834378B0}"
EndProject
Project("{FAE04EC0-301F-11D3-BF4B-00C04F79EFBC}") = "Contracts", "Contracts\Contracts.csproj", "{AAA6A675-1CDD-413B-AB0D-B5391683E576}"
EndProject
Project("{FAE04EC0-301F-11D3-BF4B-00C04F79EFBC}") = "LoggerService", "LoggerService\LoggerService.csproj", "{BE1D3B96-78B8-4A5A-8951-A08F10A62CC4}"
EndProject
Project("{FAE04EC0-301F-11D3-BF4B-00C04F79EFBC}") = "Entities", "Entities\Entities.csproj", "{21ACD698-A0B8-44B1-85EF-AEAEB54B7CFB}"
EndProject
Project("{FAE04EC0-301F-11D3-BF4B-00C04F79EFBC}") = "Repository", "Repository\Repository.csproj", "{D39B3FF8-539B-49FD-9E6D-A7C6763D88D4}"
EndProject
Global
	GlobalSection(SolutionConfigurationPlatforms) = preSolution
		Debug|Any CPU = Debug|Any CPU
		Release|Any CPU = Release|Any CPU
	EndGlobalSection
	GlobalSection(ProjectConfigurationPlatforms) = postSolution
		{AA4AB9A8-AB33-4195-8370-9941834378B0}.Debug|Any CPU.ActiveCfg = Debug|Any CPU
		{AA4AB9A8-AB33-4195-8370-9941834378B0}.Debug|Any CPU.Build.0 = Debug|Any CPU
		{AA4AB9A8-AB33-4195-8370-9941834378B0}.Release|Any CPU.ActiveCfg = Release|Any CPU
		{AA4AB9A8-AB33-4195-8370-9941834378B0}.Release|Any CPU.Build.0 = Release|Any CPU
		{AAA6A675-1CDD-413B-AB0D-B5391683E576}.Debug|Any CPU.ActiveCfg = Debug|Any CPU
		{AAA6A675-1CDD-413B-AB0D-B5391683E576}.Debug|Any CPU.Build.0 = Debug|Any CPU
		{AAA6A675-1CDD-413B-AB0D-B5391683E576}.Release|Any CPU.ActiveCfg = Release|Any CPU
		{AAA6A675-1CDD-413B-AB0D-B5391683E576}.Release|Any CPU.Build.0 = Release|Any CPU
		{BE1D3B96-78B8-4A5A-8951-A08F10A62CC4}.Debug|Any CPU.ActiveCfg = Debug|Any CPU
		{BE1D3B96-78B8-4A5A-8951-A08F10A62CC4}.Debug|Any CPU.Build.0 = Debug|Any CPU
		{BE1D3B96-78B8-4A5A-8951-A08F10A62CC4}.Release|Any CPU.ActiveCfg = Release|Any CPU
		{BE1D3B96-78B8-4A5A-8951-A08F10A62CC4}.Release|Any CPU.Build.0 = Release|Any CPU
		{21ACD698-A0B8-44B1-85EF-AEAEB54B7CFB}.Debug|Any CPU.ActiveCfg = Debug|Any CPU
		{21ACD698-A0B8-44B1-85EF-AEAEB54B7CFB}.Debug|Any CPU.Build.0 = Debug|Any CPU
		{21ACD698-A0B8-44B1-85EF-AEAEB54B7CFB}.Release|Any CPU.ActiveCfg = Release|Any CPU
		{21ACD698-A0B8-44B1-85EF-AEAEB54B7CFB}.Release|Any CPU.Build.0 = Release|Any CPU
		{D39B3FF8-539B-49FD-9E6D-A7C6763D88D4}.Debug|Any CPU.ActiveCfg = Debug|Any CPU
		{D39B3FF8-539B-49FD-9E6D-A7C6763D88D4}.Debug|Any CPU.Build.0 = Debug|Any CPU
		{D39B3FF8-539B-49FD-9E6D-A7C6763D88D4}.Release|Any CPU.ActiveCfg = Release|Any CPU
		{D39B3FF8-539B-49FD-9E6D-A7C6763D88D4}.Release|Any CPU.Build.0 = Release|Any CPU
	EndGlobalSection
	GlobalSection(SolutionProperties) = preSolution
		HideSolutionNode = FALSE
	EndGlobalSection
	GlobalSection(ExtensibilityGlobals) = postSolution
		SolutionGuid = {D53E1E77-1689-463E-8F16-5B4958DA3548}
	EndGlobalSection
EndGlobal
